{
  "name": "@typescript-package/controller",
  "version": "0.0.1",
  "lockfileVersion": 3,
  "requires": true,
  "packages": {
    "": {
      "name": "@typescript-package/controller",
      "version": "0.0.1",
      "funding": [
        {
          "type": "stripe",
          "url": "https://donate.stripe.com/dR614hfDZcJE3wAcMM"
        },
        {
          "type": "revolut",
          "url": "https://checkout.revolut.com/pay/048b10a3-0e10-42c8-a917-e3e9cb4c8e29"
        }
      ],
      "license": "MIT",
      "peerDependencies": {
        "@typedly/callback": "^1.0.0",
        "@typedly/controller": "^0.0.1",
        "@typedly/descriptor": "^5.2.0"
      }
    },
    "node_modules/@typedly/callback": {
      "version": "1.0.0",
      "resolved": "https://registry.npmjs.org/@typedly/callback/-/callback-1.0.0.tgz",
      "integrity": "sha512-eKHSBIVb9QDbXOlW10gMeQrgxyTf0bEk0GpITIk9ph0McwfbW2hXJqf4DJwq7sWP0fh/z66rrT95i8EAGODGtw==",
      "funding": [
        {
          "type": "stripe",
          "url": "https://donate.stripe.com/dR614hfDZcJE3wAcMM"
        },
        {
          "type": "revolut",
          "url": "https://checkout.revolut.com/pay/048b10a3-0e10-42c8-a917-e3e9cb4c8e29"
        }
      ],
      "license": "MIT",
      "peer": true
    },
    "node_modules/@typedly/controller": {
      "version": "0.0.1",
      "resolved": "https://registry.npmjs.org/@typedly/controller/-/controller-0.0.1.tgz",
      "integrity": "sha512-PT/EX2E+O9JOEUpwAZ27rxXmE9RDHTTYqRqLRVnGNa6jNd4KYC/1b7vLUvgphPCX6duEli750TfjCu5GlKZHiw==",
      "funding": [
        {
          "type": "stripe",
          "url": "https://donate.stripe.com/dR614hfDZcJE3wAcMM"
        },
        {
          "type": "revolut",
          "url": "https://checkout.revolut.com/pay/048b10a3-0e10-42c8-a917-e3e9cb4c8e29"
        }
      ],
      "license": "MIT",
      "peer": true,
      "peerDependencies": {
        "@typedly/callback": "^1.0.0",
        "@typedly/descriptor": "^5.2.0"
      }
    },
    "node_modules/@typedly/descriptor": {
      "version": "5.2.0",
      "resolved": "https://registry.npmjs.org/@typedly/descriptor/-/descriptor-5.2.0.tgz",
      "integrity": "sha512-JPZ0XRMDd2pNwI0xbpiOFktlrujA2Br+9YSKmjZbJrvtkRMrcIqwr51IHVc/8RPJmm6mfqI7ee5gAbYtkm7w1Q==",
      "funding": [
        {
          "type": "stripe",
          "url": "https://donate.stripe.com/dR614hfDZcJE3wAcMM"
        },
        {
          "type": "revolut",
          "url": "https://checkout.revolut.com/pay/048b10a3-0e10-42c8-a917-e3e9cb4c8e29"
        }
      ],
      "license": "MIT",
      "peer": true,
      "peerDependencies": {
        "@typedly/callback": "^1.0.0"
      }
    }
  }
}
